
Microsoft Visual Studio Solution File, Format Version 12.00
# Visual Studio Version 16
VisualStudioVersion = 16.0.32106.194
MinimumVisualStudioVersion = 10.0.40219.1
Project("{9A19103F-16F7-4668-BE54-9A1E7A4F7556}") = "Lesson_03", "Lesson_03.csproj", "{DF280BA0-810B-4487-975C-BB73B10844EC}"
EndProject
Global
	GlobalSection(SolutionConfigurationPlatforms) = preSolution
		Debug|Any CPU = Debug|Any CPU
		Release|Any CPU = Release|Any CPU
	EndGlobalSection
	GlobalSection(ProjectConfigurationPlatforms) = postSolution
		{DF280BA0-810B-4487-975C-BB73B10844EC}.Debug|Any CPU.ActiveCfg = Debug|Any CPU
		{DF280BA0-810B-4487-975C-BB73B10844EC}.Debug|Any CPU.Build.0 = Debug|Any CPU
		{DF280BA0-810B-4487-975C-BB73B10844EC}.Release|Any CPU.ActiveCfg = Release|Any CPU
		{DF280BA0-810B-4487-975C-BB73B10844EC}.Release|Any CPU.Build.0 = Release|Any CPU
	EndGlobalSection
	GlobalSection(SolutionProperties) = preSolution
		HideSolutionNode = FALSE
	EndGlobalSection
	GlobalSection(ExtensibilityGlobals) = postSolution
		SolutionGuid = {72E55A4A-AB28-49EA-AE20-FC6EA8A969B3}
	EndGlobalSection
EndGlobal
